
Microsoft Visual Studio Solution File, Format Version 12.00
# Visual Studio Version 16
VisualStudioVersion = 16.0.808.5
MinimumVisualStudioVersion = 10.0.40219.1
Project("{FAE04EC0-301F-11D3-BF4B-00C04F79EFBC}") = "hello1", "hello\hello1.csproj", "{9823A347-B375-478D-A2AA-054D86893273}"
EndProject
Project("{FAE04EC0-301F-11D3-BF4B-00C04F79EFBC}") = "hello2", "hello2\hello2.csproj", "{4E52C019-0FF2-46CB-9374-7AFB7245697D}"
EndProject
Project("{FAE04EC0-301F-11D3-BF4B-00C04F79EFBC}") = "hello3", "hello3\hello3.csproj", "{64834480-B3E4-4614-B7BC-F37E79BF75F2}"
EndProject
Project("{FAE04EC0-301F-11D3-BF4B-00C04F79EFBC}") = "UsingVariables", "variables_and_expressions\UsingVariables.csproj", "{5C654E6F-B8D0-461B-9D11-8BFF713009C1}"
EndProject
Project("{FAE04EC0-301F-11D3-BF4B-00C04F79EFBC}") = "UsingNumeric", "UsingNumeric\UsingNumeric.csproj", "{329BBE7E-E951-4C1C-8203-FDAC9C9C5022}"
EndProject
Project("{FAE04EC0-301F-11D3-BF4B-00C04F79EFBC}") = "UsingChar", "UsingChar\UsingChar.csproj", "{916F291E-AC85-4B7D-A838-2AD620B1ED4D}"
EndProject
Project("{FAE04EC0-301F-11D3-BF4B-00C04F79EFBC}") = "VariablesExpressions", "VariablesExpressions\VariablesExpressions.csproj", "{8BCEFA90-1DA0-4B31-914F-55EFE1B6ED52}"
EndProject
Project("{FAE04EC0-301F-11D3-BF4B-00C04F79EFBC}") = "FlowControl", "FlowControl\FlowControl.csproj", "{2F090F50-E183-425E-8DC0-7643630742C5}"
EndProject
Project("{FAE04EC0-301F-11D3-BF4B-00C04F79EFBC}") = "Diagnostics", "Diagnostics\Diagnostics.csproj", "{2B95740E-F158-459D-8B2D-8959A391F7E4}"
EndProject
Project("{FAE04EC0-301F-11D3-BF4B-00C04F79EFBC}") = "test", "test\test.csproj", "{9AD7A4FA-28BD-4AAD-8AE9-F7D4891086EB}"
EndProject
Global
	GlobalSection(SolutionConfigurationPlatforms) = preSolution
		Debug|Any CPU = Debug|Any CPU
		Release|Any CPU = Release|Any CPU
	EndGlobalSection
	GlobalSection(ProjectConfigurationPlatforms) = postSolution
		{9823A347-B375-478D-A2AA-054D86893273}.Debug|Any CPU.ActiveCfg = Debug|Any CPU
		{9823A347-B375-478D-A2AA-054D86893273}.Debug|Any CPU.Build.0 = Debug|Any CPU
		{9823A347-B375-478D-A2AA-054D86893273}.Release|Any CPU.ActiveCfg = Release|Any CPU
		{9823A347-B375-478D-A2AA-054D86893273}.Release|Any CPU.Build.0 = Release|Any CPU
		{4E52C019-0FF2-46CB-9374-7AFB7245697D}.Debug|Any CPU.ActiveCfg = Debug|Any CPU
		{4E52C019-0FF2-46CB-9374-7AFB7245697D}.Debug|Any CPU.Build.0 = Debug|Any CPU
		{4E52C019-0FF2-46CB-9374-7AFB7245697D}.Release|Any CPU.ActiveCfg = Release|Any CPU
		{4E52C019-0FF2-46CB-9374-7AFB7245697D}.Release|Any CPU.Build.0 = Release|Any CPU
		{64834480-B3E4-4614-B7BC-F37E79BF75F2}.Debug|Any CPU.ActiveCfg = Debug|Any CPU
		{64834480-B3E4-4614-B7BC-F37E79BF75F2}.Debug|Any CPU.Build.0 = Debug|Any CPU
		{64834480-B3E4-4614-B7BC-F37E79BF75F2}.Release|Any CPU.ActiveCfg = Release|Any CPU
		{64834480-B3E4-4614-B7BC-F37E79BF75F2}.Release|Any CPU.Build.0 = Release|Any CPU
		{5C654E6F-B8D0-461B-9D11-8BFF713009C1}.Debug|Any CPU.ActiveCfg = Debug|Any CPU
		{5C654E6F-B8D0-461B-9D11-8BFF713009C1}.Debug|Any CPU.Build.0 = Debug|Any CPU
		{5C654E6F-B8D0-461B-9D11-8BFF713009C1}.Release|Any CPU.ActiveCfg = Release|Any CPU
		{5C654E6F-B8D0-461B-9D11-8BFF713009C1}.Release|Any CPU.Build.0 = Release|Any CPU
		{329BBE7E-E951-4C1C-8203-FDAC9C9C5022}.Debug|Any CPU.ActiveCfg = Debug|Any CPU
		{329BBE7E-E951-4C1C-8203-FDAC9C9C5022}.Debug|Any CPU.Build.0 = Debug|Any CPU
		{329BBE7E-E951-4C1C-8203-FDAC9C9C5022}.Release|Any CPU.ActiveCfg = Release|Any CPU
		{329BBE7E-E951-4C1C-8203-FDAC9C9C5022}.Release|Any CPU.Build.0 = Release|Any CPU
		{916F291E-AC85-4B7D-A838-2AD620B1ED4D}.Debug|Any CPU.ActiveCfg = Debug|Any CPU
		{916F291E-AC85-4B7D-A838-2AD620B1ED4D}.Debug|Any CPU.Build.0 = Debug|Any CPU
		{916F291E-AC85-4B7D-A838-2AD620B1ED4D}.Release|Any CPU.ActiveCfg = Release|Any CPU
		{916F291E-AC85-4B7D-A838-2AD620B1ED4D}.Release|Any CPU.Build.0 = Release|Any CPU
		{8BCEFA90-1DA0-4B31-914F-55EFE1B6ED52}.Debug|Any CPU.ActiveCfg = Debug|Any CPU
		{8BCEFA90-1DA0-4B31-914F-55EFE1B6ED52}.Debug|Any CPU.Build.0 = Debug|Any CPU
		{8BCEFA90-1DA0-4B31-914F-55EFE1B6ED52}.Release|Any CPU.ActiveCfg = Release|Any CPU
		{8BCEFA90-1DA0-4B31-914F-55EFE1B6ED52}.Release|Any CPU.Build.0 = Release|Any CPU
		{2F090F50-E183-425E-8DC0-7643630742C5}.Debug|Any CPU.ActiveCfg = Debug|Any CPU
		{2F090F50-E183-425E-8DC0-7643630742C5}.Debug|Any CPU.Build.0 = Debug|Any CPU
		{2F090F50-E183-425E-8DC0-7643630742C5}.Release|Any CPU.ActiveCfg = Release|Any CPU
		{2F090F50-E183-425E-8DC0-7643630742C5}.Release|Any CPU.Build.0 = Release|Any CPU
		{2B95740E-F158-459D-8B2D-8959A391F7E4}.Debug|Any CPU.ActiveCfg = Debug|Any CPU
		{2B95740E-F158-459D-8B2D-8959A391F7E4}.Debug|Any CPU.Build.0 = Debug|Any CPU
		{2B95740E-F158-459D-8B2D-8959A391F7E4}.Release|Any CPU.ActiveCfg = Release|Any CPU
		{2B95740E-F158-459D-8B2D-8959A391F7E4}.Release|Any CPU.Build.0 = Release|Any CPU
		{9AD7A4FA-28BD-4AAD-8AE9-F7D4891086EB}.Debug|Any CPU.ActiveCfg = Debug|Any CPU
		{9AD7A4FA-28BD-4AAD-8AE9-F7D4891086EB}.Debug|Any CPU.Build.0 = Debug|Any CPU
		{9AD7A4FA-28BD-4AAD-8AE9-F7D4891086EB}.Release|Any CPU.ActiveCfg = Release|Any CPU
		{9AD7A4FA-28BD-4AAD-8AE9-F7D4891086EB}.Release|Any CPU.Build.0 = Release|Any CPU
	EndGlobalSection
	GlobalSection(SolutionProperties) = preSolution
		HideSolutionNode = FALSE
	EndGlobalSection
	GlobalSection(ExtensibilityGlobals) = postSolution
		SolutionGuid = {C8DB9A35-CBD5-4B30-B768-6E76FFB0235E}
	EndGlobalSection
EndGlobal
